
Microsoft Visual Studio Solution File, Format Version 12.00
# Visual Studio Version 17
VisualStudioVersion = 17.3.32901.215
MinimumVisualStudioVersion = 10.0.40219.1
Project("{FAE04EC0-301F-11D3-BF4B-00C04F79EFBC}") = "campaign price", "campaign price\campaign price.csproj", "{C6DFA899-7FB4-4702-BE3A-A1B42377B00B}"
EndProject
Global
	GlobalSection(SolutionConfigurationPlatforms) = preSolution
		Debug|Any CPU = Debug|Any CPU
		Release|Any CPU = Release|Any CPU
	EndGlobalSection
	GlobalSection(ProjectConfigurationPlatforms) = postSolution
		{C6DFA899-7FB4-4702-BE3A-A1B42377B00B}.Debug|Any CPU.ActiveCfg = Debug|Any CPU
		{C6DFA899-7FB4-4702-BE3A-A1B42377B00B}.Debug|Any CPU.Build.0 = Debug|Any CPU
		{C6DFA899-7FB4-4702-BE3A-A1B42377B00B}.Release|Any CPU.ActiveCfg = Release|Any CPU
		{C6DFA899-7FB4-4702-BE3A-A1B42377B00B}.Release|Any CPU.Build.0 = Release|Any CPU
	EndGlobalSection
	GlobalSection(SolutionProperties) = preSolution
		HideSolutionNode = FALSE
	EndGlobalSection
	GlobalSection(ExtensibilityGlobals) = postSolution
		SolutionGuid = {980FC3AD-AF6D-472B-8376-C09ECBF885F8}
	EndGlobalSection
EndGlobal
